
Microsoft Visual Studio Solution File, Format Version 12.00
# Visual Studio Version 17
VisualStudioVersion = 17.5.33530.505
MinimumVisualStudioVersion = 10.0.40219.1
Project("{FAE04EC0-301F-11D3-BF4B-00C04F79EFBC}") = "lab07_01", "lab07_01\lab07_01.csproj", "{1F42BED0-40CF-49C3-9247-2BB864E917F2}"
EndProject
Global
	GlobalSection(SolutionConfigurationPlatforms) = preSolution
		Debug|Any CPU = Debug|Any CPU
		Release|Any CPU = Release|Any CPU
	EndGlobalSection
	GlobalSection(ProjectConfigurationPlatforms) = postSolution
		{1F42BED0-40CF-49C3-9247-2BB864E917F2}.Debug|Any CPU.ActiveCfg = Debug|Any CPU
		{1F42BED0-40CF-49C3-9247-2BB864E917F2}.Debug|Any CPU.Build.0 = Debug|Any CPU
		{1F42BED0-40CF-49C3-9247-2BB864E917F2}.Release|Any CPU.ActiveCfg = Release|Any CPU
		{1F42BED0-40CF-49C3-9247-2BB864E917F2}.Release|Any CPU.Build.0 = Release|Any CPU
	EndGlobalSection
	GlobalSection(SolutionProperties) = preSolution
		HideSolutionNode = FALSE
	EndGlobalSection
	GlobalSection(ExtensibilityGlobals) = postSolution
		SolutionGuid = {3C9176FA-8CBF-4359-A0DF-47067F73615D}
	EndGlobalSection
EndGlobal
